
Microsoft Visual Studio Solution File, Format Version 12.00
# Visual Studio 15
VisualStudioVersion = 15.0.27130.2010
MinimumVisualStudioVersion = 10.0.40219.1
Project("{2150E333-8FDC-42A3-9474-1A3956D46DE8}") = "Card Protocols", "Card Protocols", "{2A632077-B039-4436-A155-857CB8B8EFB7}"
EndProject
Project("{9A19103F-16F7-4668-BE54-9A1E7A4F7556}") = "DCEMV_ISO7816Protocol", "DCEMV_ISO7816Protocol\DCEMV_ISO7816Protocol.csproj", "{795AD1D0-CC27-4BFC-B86E-6910E978EA5D}"
EndProject
Project("{9A19103F-16F7-4668-BE54-9A1E7A4F7556}") = "DCEMV_TLVProtocol", "DCEMV_TLVProtocol\DCEMV_TLVProtocol.csproj", "{DDDBFC8D-A231-4185-A8C2-7460156C67C3}"
EndProject
Project("{2150E333-8FDC-42A3-9474-1A3956D46DE8}") = "General Protocols", "General Protocols", "{8FE2B51D-107C-465C-B790-7B9758B4A014}"
EndProject
Project("{9A19103F-16F7-4668-BE54-9A1E7A4F7556}") = "DCEMV_EMVProtocol", "DCEMV_EMVProtocol\DCEMV_EMVProtocol.csproj", "{5B6EFE29-0A89-4017-9623-E50B5475A731}"
EndProject
Project("{9A19103F-16F7-4668-BE54-9A1E7A4F7556}") = "DCEMV_FormattingUtils", "DCEMV_FormattingUtils\DCEMV_FormattingUtils.csproj", "{C84A404F-4BBB-4E57-9496-C895F171321D}"
EndProject
Project("{9A19103F-16F7-4668-BE54-9A1E7A4F7556}") = "DCEMV_Shared", "DCEMV_Shared\DCEMV_Shared.csproj", "{611383DA-D8C9-4939-938F-C1055B0040FD}"
EndProject
Project("{2150E333-8FDC-42A3-9474-1A3956D46DE8}") = "Payment Provider", "Payment Provider", "{C3616247-1800-4ED4-8DD6-896331B1E189}"
EndProject
Project("{9A19103F-16F7-4668-BE54-9A1E7A4F7556}") = "DCEMV_SPDHProtocol", "DCEMV_SPDHProtocol\DCEMV_SPDHProtocol.csproj", "{8D29958E-AAEC-440D-85F7-0A7F881FF120}"
EndProject
Project("{9A19103F-16F7-4668-BE54-9A1E7A4F7556}") = "DCEMV_TCPIPDriver", "DCEMV_TCPIPDriver\DCEMV_TCPIPDriver.csproj", "{39B80FB0-8427-4F63-9617-F39D83E48E43}"
EndProject
Project("{9A19103F-16F7-4668-BE54-9A1E7A4F7556}") = "DCEMV_ServerShared", "DCEMV_ServerShared\DCEMV_ServerShared.csproj", "{9B565D57-E501-4C71-A3D8-681D1A40FFA2}"
EndProject
Project("{9A19103F-16F7-4668-BE54-9A1E7A4F7556}") = "DCEMV_EMVSecurity", "DCEMV_EMVSecurity\DCEMV_EMVSecurity.csproj", "{2349B0F6-5F63-438A-A430-85E677BD2888}"
EndProject
Project("{2150E333-8FDC-42A3-9474-1A3956D46DE8}") = "Server", "Server", "{93EC800C-201A-47F9-BFB4-B2B4F9EF5537}"
EndProject
Project("{2150E333-8FDC-42A3-9474-1A3956D46DE8}") = "Shared", "Shared", "{EDFD255E-9FC0-4452-B519-434C7FB1629D}"
EndProject
Project("{9A19103F-16F7-4668-BE54-9A1E7A4F7556}") = "DCEMV_DemoServer", "DCEMV_DemoServer\DCEMV_DemoServer.csproj", "{E608214A-8B74-42CD-9E55-5911390D1F45}"
EndProject
Project("{E53339B2-1760-4266-BCC7-CA923CBCF16C}") = "docker-compose", "docker-compose.dcproj", "{57D3C07C-3A36-4094-ACE1-B7BA55985C25}"
EndProject
Project("{9A19103F-16F7-4668-BE54-9A1E7A4F7556}") = "DCEMV_SimulatedPaymentProvider", "DCEMV_SimulatedPaymentProvider\DCEMV_SimulatedPaymentProvider.csproj", "{6D2BDE3F-EA92-4EB5-B8D2-846ADC732ADC}"
EndProject
Project("{9A19103F-16F7-4668-BE54-9A1E7A4F7556}") = "DCEMV_QRDEProtocol", "DCEMV_QRDEProtocol\DCEMV_QRDEProtocol.csproj", "{36668F90-F315-4112-8E20-6DD315006477}"
EndProject
Global
	GlobalSection(SolutionConfigurationPlatforms) = preSolution
		Ad-Hoc|Any CPU = Ad-Hoc|Any CPU
		Ad-Hoc|ARM = Ad-Hoc|ARM
		Ad-Hoc|iPhone = Ad-Hoc|iPhone
		Ad-Hoc|iPhoneSimulator = Ad-Hoc|iPhoneSimulator
		Ad-Hoc|x64 = Ad-Hoc|x64
		Ad-Hoc|x86 = Ad-Hoc|x86
		AppStore|Any CPU = AppStore|Any CPU
		AppStore|ARM = AppStore|ARM
		AppStore|iPhone = AppStore|iPhone
		AppStore|iPhoneSimulator = AppStore|iPhoneSimulator
		AppStore|x64 = AppStore|x64
		AppStore|x86 = AppStore|x86
		Debug|Any CPU = Debug|Any CPU
		Debug|ARM = Debug|ARM
		Debug|iPhone = Debug|iPhone
		Debug|iPhoneSimulator = Debug|iPhoneSimulator
		Debug|x64 = Debug|x64
		Debug|x86 = Debug|x86
		Release|Any CPU = Release|Any CPU
		Release|ARM = Release|ARM
		Release|iPhone = Release|iPhone
		Release|iPhoneSimulator = Release|iPhoneSimulator
		Release|x64 = Release|x64
		Release|x86 = Release|x86
	EndGlobalSection
	GlobalSection(ProjectConfigurationPlatforms) = postSolution
		{795AD1D0-CC27-4BFC-B86E-6910E978EA5D}.Ad-Hoc|Any CPU.ActiveCfg = Release|Any CPU
		{795AD1D0-CC27-4BFC-B86E-6910E978EA5D}.Ad-Hoc|Any CPU.Build.0 = Release|Any CPU
		{795AD1D0-CC27-4BFC-B86E-6910E978EA5D}.Ad-Hoc|ARM.ActiveCfg = Release|Any CPU
		{795AD1D0-CC27-4BFC-B86E-6910E978EA5D}.Ad-Hoc|ARM.Build.0 = Release|Any CPU
		{795AD1D0-CC27-4BFC-B86E-6910E978EA5D}.Ad-Hoc|iPhone.ActiveCfg = Release|Any CPU
		{795AD1D0-CC27-4BFC-B86E-6910E978EA5D}.Ad-Hoc|iPhone.Build.0 = Release|Any CPU
		{795AD1D0-CC27-4BFC-B86E-6910E978EA5D}.Ad-Hoc|iPhoneSimulator.ActiveCfg = Release|Any CPU
		{795AD1D0-CC27-4BFC-B86E-6910E978EA5D}.Ad-Hoc|iPhoneSimulator.Build.0 = Release|Any CPU
		{795AD1D0-CC27-4BFC-B86E-6910E978EA5D}.Ad-Hoc|x64.ActiveCfg = Release|Any CPU
		{795AD1D0-CC27-4BFC-B86E-6910E978EA5D}.Ad-Hoc|x64.Build.0 = Release|Any CPU
		{795AD1D0-CC27-4BFC-B86E-6910E978EA5D}.Ad-Hoc|x86.ActiveCfg = Release|Any CPU
		{795AD1D0-CC27-4BFC-B86E-6910E978EA5D}.Ad-Hoc|x86.Build.0 = Release|Any CPU
		{795AD1D0-CC27-4BFC-B86E-6910E978EA5D}.AppStore|Any CPU.ActiveCfg = Release|Any CPU
		{795AD1D0-CC27-4BFC-B86E-6910E978EA5D}.AppStore|Any CPU.Build.0 = Release|Any CPU
		{795AD1D0-CC27-4BFC-B86E-6910E978EA5D}.AppStore|ARM.ActiveCfg = Release|Any CPU
		{795AD1D0-CC27-4BFC-B86E-6910E978EA5D}.AppStore|ARM.Build.0 = Release|Any CPU
		{795AD1D0-CC27-4BFC-B86E-6910E978EA5D}.AppStore|iPhone.ActiveCfg = Release|Any CPU
		{795AD1D0-CC27-4BFC-B86E-6910E978EA5D}.AppStore|iPhone.Build.0 = Release|Any CPU
		{795AD1D0-CC27-4BFC-B86E-6910E978EA5D}.AppStore|iPhoneSimulator.ActiveCfg = Release|Any CPU
		{795AD1D0-CC27-4BFC-B86E-6910E978EA5D}.AppStore|iPhoneSimulator.Build.0 = Release|Any CPU
		{795AD1D0-CC27-4BFC-B86E-6910E978EA5D}.AppStore|x64.ActiveCfg = Release|Any CPU
		{795AD1D0-CC27-4BFC-B86E-6910E978EA5D}.AppStore|x64.Build.0 = Release|Any CPU
		{795AD1D0-CC27-4BFC-B86E-6910E978EA5D}.AppStore|x86.ActiveCfg = Release|Any CPU
		{795AD1D0-CC27-4BFC-B86E-6910E978EA5D}.AppStore|x86.Build.0 = Release|Any CPU
		{795AD1D0-CC27-4BFC-B86E-6910E978EA5D}.Debug|Any CPU.ActiveCfg = Debug|Any CPU
		{795AD1D0-CC27-4BFC-B86E-6910E978EA5D}.Debug|Any CPU.Build.0 = Debug|Any CPU
		{795AD1D0-CC27-4BFC-B86E-6910E978EA5D}.Debug|ARM.ActiveCfg = Debug|Any CPU
		{795AD1D0-CC27-4BFC-B86E-6910E978EA5D}.Debug|ARM.Build.0 = Debug|Any CPU
		{795AD1D0-CC27-4BFC-B86E-6910E978EA5D}.Debug|iPhone.ActiveCfg = Debug|Any CPU
		{795AD1D0-CC27-4BFC-B86E-6910E978EA5D}.Debug|iPhone.Build.0 = Debug|Any CPU
		{795AD1D0-CC27-4BFC-B86E-6910E978EA5D}.Debug|iPhoneSimulator.ActiveCfg = Debug|Any CPU
		{795AD1D0-CC27-4BFC-B86E-6910E978EA5D}.Debug|iPhoneSimulator.Build.0 = Debug|Any CPU
		{795AD1D0-CC27-4BFC-B86E-6910E978EA5D}.Debug|x64.ActiveCfg = Debug|Any CPU
		{795AD1D0-CC27-4BFC-B86E-6910E978EA5D}.Debug|x64.Build.0 = Debug|Any CPU
		{795AD1D0-CC27-4BFC-B86E-6910E978EA5D}.Debug|x86.ActiveCfg = Debug|Any CPU
		{795AD1D0-CC27-4BFC-B86E-6910E978EA5D}.Debug|x86.Build.0 = Debug|Any CPU
		{795AD1D0-CC27-4BFC-B86E-6910E978EA5D}.Release|Any CPU.ActiveCfg = Release|Any CPU
		{795AD1D0-CC27-4BFC-B86E-6910E978EA5D}.Release|Any CPU.Build.0 = Release|Any CPU
		{795AD1D0-CC27-4BFC-B86E-6910E978EA5D}.Release|ARM.ActiveCfg = Release|Any CPU
		{795AD1D0-CC27-4BFC-B86E-6910E978EA5D}.Release|ARM.Build.0 = Release|Any CPU
		{795AD1D0-CC27-4BFC-B86E-6910E978EA5D}.Release|iPhone.ActiveCfg = Release|Any CPU
		{795AD1D0-CC27-4BFC-B86E-6910E978EA5D}.Release|iPhone.Build.0 = Release|Any CPU
		{795AD1D0-CC27-4BFC-B86E-6910E978EA5D}.Release|iPhoneSimulator.ActiveCfg = Release|Any CPU
		{795AD1D0-CC27-4BFC-B86E-6910E978EA5D}.Release|iPhoneSimulator.Build.0 = Release|Any CPU
		{795AD1D0-CC27-4BFC-B86E-6910E978EA5D}.Release|x64.ActiveCfg = Release|Any CPU
		{795AD1D0-CC27-4BFC-B86E-6910E978EA5D}.Release|x64.Build.0 = Release|Any CPU
		{795AD1D0-CC27-4BFC-B86E-6910E978EA5D}.Release|x86.ActiveCfg = Release|Any CPU
		{795AD1D0-CC27-4BFC-B86E-6910E978EA5D}.Release|x86.Build.0 = Release|Any CPU
		{DDDBFC8D-A231-4185-A8C2-7460156C67C3}.Ad-Hoc|Any CPU.ActiveCfg = Release|Any CPU
		{DDDBFC8D-A231-4185-A8C2-7460156C67C3}.Ad-Hoc|Any CPU.Build.0 = Release|Any CPU
		{DDDBFC8D-A231-4185-A8C2-7460156C67C3}.Ad-Hoc|ARM.ActiveCfg = Release|Any CPU
		{DDDBFC8D-A231-4185-A8C2-7460156C67C3}.Ad-Hoc|ARM.Build.0 = Release|Any CPU
		{DDDBFC8D-A231-4185-A8C2-7460156C67C3}.Ad-Hoc|iPhone.ActiveCfg = Release|Any CPU
		{DDDBFC8D-A231-4185-A8C2-7460156C67C3}.Ad-Hoc|iPhone.Build.0 = Release|Any CPU
		{DDDBFC8D-A231-4185-A8C2-7460156C67C3}.Ad-Hoc|iPhoneSimulator.ActiveCfg = Release|Any CPU
		{DDDBFC8D-A231-4185-A8C2-7460156C67C3}.Ad-Hoc|iPhoneSimulator.Build.0 = Release|Any CPU
		{DDDBFC8D-A231-4185-A8C2-7460156C67C3}.Ad-Hoc|x64.ActiveCfg = Release|Any CPU
		{DDDBFC8D-A231-4185-A8C2-7460156C67C3}.Ad-Hoc|x64.Build.0 = Release|Any CPU
		{DDDBFC8D-A231-4185-A8C2-7460156C67C3}.Ad-Hoc|x86.ActiveCfg = Release|Any CPU
		{DDDBFC8D-A231-4185-A8C2-7460156C67C3}.Ad-Hoc|x86.Build.0 = Release|Any CPU
		{DDDBFC8D-A231-4185-A8C2-7460156C67C3}.AppStore|Any CPU.ActiveCfg = Release|Any CPU
		{DDDBFC8D-A231-4185-A8C2-7460156C67C3}.AppStore|Any CPU.Build.0 = Release|Any CPU
		{DDDBFC8D-A231-4185-A8C2-7460156C67C3}.AppStore|ARM.ActiveCfg = Release|Any CPU
		{DDDBFC8D-A231-4185-A8C2-7460156C67C3}.AppStore|ARM.Build.0 = Release|Any CPU
		{DDDBFC8D-A231-4185-A8C2-7460156C67C3}.AppStore|iPhone.ActiveCfg = Release|Any CPU
		{DDDBFC8D-A231-4185-A8C2-7460156C67C3}.AppStore|iPhone.Build.0 = Release|Any CPU
		{DDDBFC8D-A231-4185-A8C2-7460156C67C3}.AppStore|iPhoneSimulator.ActiveCfg = Release|Any CPU
		{DDDBFC8D-A231-4185-A8C2-7460156C67C3}.AppStore|iPhoneSimulator.Build.0 = Release|Any CPU
		{DDDBFC8D-A231-4185-A8C2-7460156C67C3}.AppStore|x64.ActiveCfg = Release|Any CPU
		{DDDBFC8D-A231-4185-A8C2-7460156C67C3}.AppStore|x64.Build.0 = Release|Any CPU
		{DDDBFC8D-A231-4185-A8C2-7460156C67C3}.AppStore|x86.ActiveCfg = Release|Any CPU
		{DDDBFC8D-A231-4185-A8C2-7460156C67C3}.AppStore|x86.Build.0 = Release|Any CPU
		{DDDBFC8D-A231-4185-A8C2-7460156C67C3}.Debug|Any CPU.ActiveCfg = Debug|Any CPU
		{DDDBFC8D-A231-4185-A8C2-7460156C67C3}.Debug|Any CPU.Build.0 = Debug|Any CPU
		{DDDBFC8D-A231-4185-A8C2-7460156C67C3}.Debug|ARM.ActiveCfg = Debug|Any CPU
		{DDDBFC8D-A231-4185-A8C2-7460156C67C3}.Debug|ARM.Build.0 = Debug|Any CPU
		{DDDBFC8D-A231-4185-A8C2-7460156C67C3}.Debug|iPhone.ActiveCfg = Debug|Any CPU
		{DDDBFC8D-A231-4185-A8C2-7460156C67C3}.Debug|iPhone.Build.0 = Debug|Any CPU
		{DDDBFC8D-A231-4185-A8C2-7460156C67C3}.Debug|iPhoneSimulator.ActiveCfg = Debug|Any CPU
		{DDDBFC8D-A231-4185-A8C2-7460156C67C3}.Debug|iPhoneSimulator.Build.0 = Debug|Any CPU
		{DDDBFC8D-A231-4185-A8C2-7460156C67C3}.Debug|x64.ActiveCfg = Debug|Any CPU
		{DDDBFC8D-A231-4185-A8C2-7460156C67C3}.Debug|x64.Build.0 = Debug|Any CPU
		{DDDBFC8D-A231-4185-A8C2-7460156C67C3}.Debug|x86.ActiveCfg = Debug|Any CPU
		{DDDBFC8D-A231-4185-A8C2-7460156C67C3}.Debug|x86.Build.0 = Debug|Any CPU
		{DDDBFC8D-A231-4185-A8C2-7460156C67C3}.Release|Any CPU.ActiveCfg = Release|Any CPU
		{DDDBFC8D-A231-4185-A8C2-7460156C67C3}.Release|Any CPU.Build.0 = Release|Any CPU
		{DDDBFC8D-A231-4185-A8C2-7460156C67C3}.Release|ARM.ActiveCfg = Release|Any CPU
		{DDDBFC8D-A231-4185-A8C2-7460156C67C3}.Release|ARM.Build.0 = Release|Any CPU
		{DDDBFC8D-A231-4185-A8C2-7460156C67C3}.Release|iPhone.ActiveCfg = Release|Any CPU
		{DDDBFC8D-A231-4185-A8C2-7460156C67C3}.Release|iPhone.Build.0 = Release|Any CPU
		{DDDBFC8D-A231-4185-A8C2-7460156C67C3}.Release|iPhoneSimulator.ActiveCfg = Release|Any CPU
		{DDDBFC8D-A231-4185-A8C2-7460156C67C3}.Release|iPhoneSimulator.Build.0 = Release|Any CPU
		{DDDBFC8D-A231-4185-A8C2-7460156C67C3}.Release|x64.ActiveCfg = Release|Any CPU
		{DDDBFC8D-A231-4185-A8C2-7460156C67C3}.Release|x64.Build.0 = Release|Any CPU
		{DDDBFC8D-A231-4185-A8C2-7460156C67C3}.Release|x86.ActiveCfg = Release|Any CPU
		{DDDBFC8D-A231-4185-A8C2-7460156C67C3}.Release|x86.Build.0 = Release|Any CPU
		{5B6EFE29-0A89-4017-9623-E50B5475A731}.Ad-Hoc|Any CPU.ActiveCfg = Release|Any CPU
		{5B6EFE29-0A89-4017-9623-E50B5475A731}.Ad-Hoc|Any CPU.Build.0 = Release|Any CPU
		{5B6EFE29-0A89-4017-9623-E50B5475A731}.Ad-Hoc|ARM.ActiveCfg = Release|Any CPU
		{5B6EFE29-0A89-4017-9623-E50B5475A731}.Ad-Hoc|ARM.Build.0 = Release|Any CPU
		{5B6EFE29-0A89-4017-9623-E50B5475A731}.Ad-Hoc|iPhone.ActiveCfg = Release|Any CPU
		{5B6EFE29-0A89-4017-9623-E50B5475A731}.Ad-Hoc|iPhone.Build.0 = Release|Any CPU
		{5B6EFE29-0A89-4017-9623-E50B5475A731}.Ad-Hoc|iPhoneSimulator.ActiveCfg = Release|Any CPU
		{5B6EFE29-0A89-4017-9623-E50B5475A731}.Ad-Hoc|iPhoneSimulator.Build.0 = Release|Any CPU
		{5B6EFE29-0A89-4017-9623-E50B5475A731}.Ad-Hoc|x64.ActiveCfg = Release|Any CPU
		{5B6EFE29-0A89-4017-9623-E50B5475A731}.Ad-Hoc|x64.Build.0 = Release|Any CPU
		{5B6EFE29-0A89-4017-9623-E50B5475A731}.Ad-Hoc|x86.ActiveCfg = Release|Any CPU
		{5B6EFE29-0A89-4017-9623-E50B5475A731}.Ad-Hoc|x86.Build.0 = Release|Any CPU
		{5B6EFE29-0A89-4017-9623-E50B5475A731}.AppStore|Any CPU.ActiveCfg = Release|Any CPU
		{5B6EFE29-0A89-4017-9623-E50B5475A731}.AppStore|Any CPU.Build.0 = Release|Any CPU
		{5B6EFE29-0A89-4017-9623-E50B5475A731}.AppStore|ARM.ActiveCfg = Release|Any CPU
		{5B6EFE29-0A89-4017-9623-E50B5475A731}.AppStore|ARM.Build.0 = Release|Any CPU
		{5B6EFE29-0A89-4017-9623-E50B5475A731}.AppStore|iPhone.ActiveCfg = Release|Any CPU
		{5B6EFE29-0A89-4017-9623-E50B5475A731}.AppStore|iPhone.Build.0 = Release|Any CPU
		{5B6EFE29-0A89-4017-9623-E50B5475A731}.AppStore|iPhoneSimulator.ActiveCfg = Release|Any CPU
		{5B6EFE29-0A89-4017-9623-E50B5475A731}.AppStore|iPhoneSimulator.Build.0 = Release|Any CPU
		{5B6EFE29-0A89-4017-9623-E50B5475A731}.AppStore|x64.ActiveCfg = Release|Any CPU
		{5B6EFE29-0A89-4017-9623-E50B5475A731}.AppStore|x64.Build.0 = Release|Any CPU
		{5B6EFE29-0A89-4017-9623-E50B5475A731}.AppStore|x86.ActiveCfg = Release|Any CPU
		{5B6EFE29-0A89-4017-9623-E50B5475A731}.AppStore|x86.Build.0 = Release|Any CPU
		{5B6EFE29-0A89-4017-9623-E50B5475A731}.Debug|Any CPU.ActiveCfg = Debug|Any CPU
		{5B6EFE29-0A89-4017-9623-E50B5475A731}.Debug|Any CPU.Build.0 = Debug|Any CPU
		{5B6EFE29-0A89-4017-9623-E50B5475A731}.Debug|ARM.ActiveCfg = Debug|Any CPU
		{5B6EFE29-0A89-4017-9623-E50B5475A731}.Debug|ARM.Build.0 = Debug|Any CPU
		{5B6EFE29-0A89-4017-9623-E50B5475A731}.Debug|iPhone.ActiveCfg = Debug|Any CPU
		{5B6EFE29-0A89-4017-9623-E50B5475A731}.Debug|iPhone.Build.0 = Debug|Any CPU
		{5B6EFE29-0A89-4017-9623-E50B5475A731}.Debug|iPhoneSimulator.ActiveCfg = Debug|Any CPU
		{5B6EFE29-0A89-4017-9623-E50B5475A731}.Debug|iPhoneSimulator.Build.0 = Debug|Any CPU
		{5B6EFE29-0A89-4017-9623-E50B5475A731}.Debug|x64.ActiveCfg = Debug|Any CPU
		{5B6EFE29-0A89-4017-9623-E50B5475A731}.Debug|x64.Build.0 = Debug|Any CPU
		{5B6EFE29-0A89-4017-9623-E50B5475A731}.Debug|x86.ActiveCfg = Debug|Any CPU
		{5B6EFE29-0A89-4017-9623-E50B5475A731}.Debug|x86.Build.0 = Debug|Any CPU
		{5B6EFE29-0A89-4017-9623-E50B5475A731}.Release|Any CPU.ActiveCfg = Release|Any CPU
		{5B6EFE29-0A89-4017-9623-E50B5475A731}.Release|Any CPU.Build.0 = Release|Any CPU
		{5B6EFE29-0A89-4017-9623-E50B5475A731}.Release|ARM.ActiveCfg = Release|Any CPU
		{5B6EFE29-0A89-4017-9623-E50B5475A731}.Release|ARM.Build.0 = Release|Any CPU
		{5B6EFE29-0A89-4017-9623-E50B5475A731}.Release|iPhone.ActiveCfg = Release|Any CPU
		{5B6EFE29-0A89-4017-9623-E50B5475A731}.Release|iPhone.Build.0 = Release|Any CPU
		{5B6EFE29-0A89-4017-9623-E50B5475A731}.Release|iPhoneSimulator.ActiveCfg = Release|Any CPU
		{5B6EFE29-0A89-4017-9623-E50B5475A731}.Release|iPhoneSimulator.Build.0 = Release|Any CPU
		{5B6EFE29-0A89-4017-9623-E50B5475A731}.Release|x64.ActiveCfg = Release|Any CPU
		{5B6EFE29-0A89-4017-9623-E50B5475A731}.Release|x64.Build.0 = Release|Any CPU
		{5B6EFE29-0A89-4017-9623-E50B5475A731}.Release|x86.ActiveCfg = Release|Any CPU
		{5B6EFE29-0A89-4017-9623-E50B5475A731}.Release|x86.Build.0 = Release|Any CPU
		{C84A404F-4BBB-4E57-9496-C895F171321D}.Ad-Hoc|Any CPU.ActiveCfg = Release|Any CPU
		{C84A404F-4BBB-4E57-9496-C895F171321D}.Ad-Hoc|Any CPU.Build.0 = Release|Any CPU
		{C84A404F-4BBB-4E57-9496-C895F171321D}.Ad-Hoc|ARM.ActiveCfg = Release|Any CPU
		{C84A404F-4BBB-4E57-9496-C895F171321D}.Ad-Hoc|ARM.Build.0 = Release|Any CPU
		{C84A404F-4BBB-4E57-9496-C895F171321D}.Ad-Hoc|iPhone.ActiveCfg = Release|Any CPU
		{C84A404F-4BBB-4E57-9496-C895F171321D}.Ad-Hoc|iPhone.Build.0 = Release|Any CPU
		{C84A404F-4BBB-4E57-9496-C895F171321D}.Ad-Hoc|iPhoneSimulator.ActiveCfg = Release|Any CPU
		{C84A404F-4BBB-4E57-9496-C895F171321D}.Ad-Hoc|iPhoneSimulator.Build.0 = Release|Any CPU
		{C84A404F-4BBB-4E57-9496-C895F171321D}.Ad-Hoc|x64.ActiveCfg = Release|Any CPU
		{C84A404F-4BBB-4E57-9496-C895F171321D}.Ad-Hoc|x64.Build.0 = Release|Any CPU
		{C84A404F-4BBB-4E57-9496-C895F171321D}.Ad-Hoc|x86.ActiveCfg = Release|Any CPU
		{C84A404F-4BBB-4E57-9496-C895F171321D}.Ad-Hoc|x86.Build.0 = Release|Any CPU
		{C84A404F-4BBB-4E57-9496-C895F171321D}.AppStore|Any CPU.ActiveCfg = Release|Any CPU
		{C84A404F-4BBB-4E57-9496-C895F171321D}.AppStore|Any CPU.Build.0 = Release|Any CPU
		{C84A404F-4BBB-4E57-9496-C895F171321D}.AppStore|ARM.ActiveCfg = Release|Any CPU
		{C84A404F-4BBB-4E57-9496-C895F171321D}.AppStore|ARM.Build.0 = Release|Any CPU
		{C84A404F-4BBB-4E57-9496-C895F171321D}.AppStore|iPhone.ActiveCfg = Release|Any CPU
		{C84A404F-4BBB-4E57-9496-C895F171321D}.AppStore|iPhone.Build.0 = Release|Any CPU
		{C84A404F-4BBB-4E57-9496-C895F171321D}.AppStore|iPhoneSimulator.ActiveCfg = Release|Any CPU
		{C84A404F-4BBB-4E57-9496-C895F171321D}.AppStore|iPhoneSimulator.Build.0 = Release|Any CPU
		{C84A404F-4BBB-4E57-9496-C895F171321D}.AppStore|x64.ActiveCfg = Release|Any CPU
		{C84A404F-4BBB-4E57-9496-C895F171321D}.AppStore|x64.Build.0 = Release|Any CPU
		{C84A404F-4BBB-4E57-9496-C895F171321D}.AppStore|x86.ActiveCfg = Release|Any CPU
		{C84A404F-4BBB-4E57-9496-C895F171321D}.AppStore|x86.Build.0 = Release|Any CPU
		{C84A404F-4BBB-4E57-9496-C895F171321D}.Debug|Any CPU.ActiveCfg = Debug|Any CPU
		{C84A404F-4BBB-4E57-9496-C895F171321D}.Debug|Any CPU.Build.0 = Debug|Any CPU
		{C84A404F-4BBB-4E57-9496-C895F171321D}.Debug|ARM.ActiveCfg = Debug|Any CPU
		{C84A404F-4BBB-4E57-9496-C895F171321D}.Debug|ARM.Build.0 = Debug|Any CPU
		{C84A404F-4BBB-4E57-9496-C895F171321D}.Debug|iPhone.ActiveCfg = Debug|Any CPU
		{C84A404F-4BBB-4E57-9496-C895F171321D}.Debug|iPhone.Build.0 = Debug|Any CPU
		{C84A404F-4BBB-4E57-9496-C895F171321D}.Debug|iPhoneSimulator.ActiveCfg = Debug|Any CPU
		{C84A404F-4BBB-4E57-9496-C895F171321D}.Debug|iPhoneSimulator.Build.0 = Debug|Any CPU
		{C84A404F-4BBB-4E57-9496-C895F171321D}.Debug|x64.ActiveCfg = Debug|Any CPU
		{C84A404F-4BBB-4E57-9496-C895F171321D}.Debug|x64.Build.0 = Debug|Any CPU
		{C84A404F-4BBB-4E57-9496-C895F171321D}.Debug|x86.ActiveCfg = Debug|Any CPU
		{C84A404F-4BBB-4E57-9496-C895F171321D}.Debug|x86.Build.0 = Debug|Any CPU
		{C84A404F-4BBB-4E57-9496-C895F171321D}.Release|Any CPU.ActiveCfg = Release|Any CPU
		{C84A404F-4BBB-4E57-9496-C895F171321D}.Release|Any CPU.Build.0 = Release|Any CPU
		{C84A404F-4BBB-4E57-9496-C895F171321D}.Release|ARM.ActiveCfg = Release|Any CPU
		{C84A404F-4BBB-4E57-9496-C895F171321D}.Release|ARM.Build.0 = Release|Any CPU
		{C84A404F-4BBB-4E57-9496-C895F171321D}.Release|iPhone.ActiveCfg = Release|Any CPU
		{C84A404F-4BBB-4E57-9496-C895F171321D}.Release|iPhone.Build.0 = Release|Any CPU
		{C84A404F-4BBB-4E57-9496-C895F171321D}.Release|iPhoneSimulator.ActiveCfg = Release|Any CPU
		{C84A404F-4BBB-4E57-9496-C895F171321D}.Release|iPhoneSimulator.Build.0 = Release|Any CPU
		{C84A404F-4BBB-4E57-9496-C895F171321D}.Release|x64.ActiveCfg = Release|Any CPU
		{C84A404F-4BBB-4E57-9496-C895F171321D}.Release|x64.Build.0 = Release|Any CPU
		{C84A404F-4BBB-4E57-9496-C895F171321D}.Release|x86.ActiveCfg = Release|Any CPU
		{C84A404F-4BBB-4E57-9496-C895F171321D}.Release|x86.Build.0 = Release|Any CPU
		{611383DA-D8C9-4939-938F-C1055B0040FD}.Ad-Hoc|Any CPU.ActiveCfg = Release|Any CPU
		{611383DA-D8C9-4939-938F-C1055B0040FD}.Ad-Hoc|Any CPU.Build.0 = Release|Any CPU
		{611383DA-D8C9-4939-938F-C1055B0040FD}.Ad-Hoc|ARM.ActiveCfg = Release|Any CPU
		{611383DA-D8C9-4939-938F-C1055B0040FD}.Ad-Hoc|ARM.Build.0 = Release|Any CPU
		{611383DA-D8C9-4939-938F-C1055B0040FD}.Ad-Hoc|iPhone.ActiveCfg = Release|Any CPU
		{611383DA-D8C9-4939-938F-C1055B0040FD}.Ad-Hoc|iPhone.Build.0 = Release|Any CPU
		{611383DA-D8C9-4939-938F-C1055B0040FD}.Ad-Hoc|iPhoneSimulator.ActiveCfg = Release|Any CPU
		{611383DA-D8C9-4939-938F-C1055B0040FD}.Ad-Hoc|iPhoneSimulator.Build.0 = Release|Any CPU
		{611383DA-D8C9-4939-938F-C1055B0040FD}.Ad-Hoc|x64.ActiveCfg = Release|Any CPU
		{611383DA-D8C9-4939-938F-C1055B0040FD}.Ad-Hoc|x64.Build.0 = Release|Any CPU
		{611383DA-D8C9-4939-938F-C1055B0040FD}.Ad-Hoc|x86.ActiveCfg = Release|Any CPU
		{611383DA-D8C9-4939-938F-C1055B0040FD}.Ad-Hoc|x86.Build.0 = Release|Any CPU
		{611383DA-D8C9-4939-938F-C1055B0040FD}.AppStore|Any CPU.ActiveCfg = Release|Any CPU
		{611383DA-D8C9-4939-938F-C1055B0040FD}.AppStore|Any CPU.Build.0 = Release|Any CPU
		{611383DA-D8C9-4939-938F-C1055B0040FD}.AppStore|ARM.ActiveCfg = Release|Any CPU
		{611383DA-D8C9-4939-938F-C1055B0040FD}.AppStore|ARM.Build.0 = Release|Any CPU
		{611383DA-D8C9-4939-938F-C1055B0040FD}.AppStore|iPhone.ActiveCfg = Release|Any CPU
		{611383DA-D8C9-4939-938F-C1055B0040FD}.AppStore|iPhone.Build.0 = Release|Any CPU
		{611383DA-D8C9-4939-938F-C1055B0040FD}.AppStore|iPhoneSimulator.ActiveCfg = Release|Any CPU
		{611383DA-D8C9-4939-938F-C1055B0040FD}.AppStore|iPhoneSimulator.Build.0 = Release|Any CPU
		{611383DA-D8C9-4939-938F-C1055B0040FD}.AppStore|x64.ActiveCfg = Release|Any CPU
		{611383DA-D8C9-4939-938F-C1055B0040FD}.AppStore|x64.Build.0 = Release|Any CPU
		{611383DA-D8C9-4939-938F-C1055B0040FD}.AppStore|x86.ActiveCfg = Release|Any CPU
		{611383DA-D8C9-4939-938F-C1055B0040FD}.AppStore|x86.Build.0 = Release|Any CPU
		{611383DA-D8C9-4939-938F-C1055B0040FD}.Debug|Any CPU.ActiveCfg = Debug|Any CPU
		{611383DA-D8C9-4939-938F-C1055B0040FD}.Debug|Any CPU.Build.0 = Debug|Any CPU
		{611383DA-D8C9-4939-938F-C1055B0040FD}.Debug|ARM.ActiveCfg = Debug|Any CPU
		{611383DA-D8C9-4939-938F-C1055B0040FD}.Debug|ARM.Build.0 = Debug|Any CPU
		{611383DA-D8C9-4939-938F-C1055B0040FD}.Debug|iPhone.ActiveCfg = Debug|Any CPU
		{611383DA-D8C9-4939-938F-C1055B0040FD}.Debug|iPhone.Build.0 = Debug|Any CPU
		{611383DA-D8C9-4939-938F-C1055B0040FD}.Debug|iPhoneSimulator.ActiveCfg = Debug|Any CPU
		{611383DA-D8C9-4939-938F-C1055B0040FD}.Debug|iPhoneSimulator.Build.0 = Debug|Any CPU
		{611383DA-D8C9-4939-938F-C1055B0040FD}.Debug|x64.ActiveCfg = Debug|Any CPU
		{611383DA-D8C9-4939-938F-C1055B0040FD}.Debug|x64.Build.0 = Debug|Any CPU
		{611383DA-D8C9-4939-938F-C1055B0040FD}.Debug|x86.ActiveCfg = Debug|Any CPU
		{611383DA-D8C9-4939-938F-C1055B0040FD}.Debug|x86.Build.0 = Debug|Any CPU
		{611383DA-D8C9-4939-938F-C1055B0040FD}.Release|Any CPU.ActiveCfg = Release|Any CPU
		{611383DA-D8C9-4939-938F-C1055B0040FD}.Release|Any CPU.Build.0 = Release|Any CPU
		{611383DA-D8C9-4939-938F-C1055B0040FD}.Release|ARM.ActiveCfg = Release|Any CPU
		{611383DA-D8C9-4939-938F-C1055B0040FD}.Release|ARM.Build.0 = Release|Any CPU
		{611383DA-D8C9-4939-938F-C1055B0040FD}.Release|iPhone.ActiveCfg = Release|Any CPU
		{611383DA-D8C9-4939-938F-C1055B0040FD}.Release|iPhone.Build.0 = Release|Any CPU
		{611383DA-D8C9-4939-938F-C1055B0040FD}.Release|iPhoneSimulator.ActiveCfg = Release|Any CPU
		{611383DA-D8C9-4939-938F-C1055B0040FD}.Release|iPhoneSimulator.Build.0 = Release|Any CPU
		{611383DA-D8C9-4939-938F-C1055B0040FD}.Release|x64.ActiveCfg = Release|Any CPU
		{611383DA-D8C9-4939-938F-C1055B0040FD}.Release|x64.Build.0 = Release|Any CPU
		{611383DA-D8C9-4939-938F-C1055B0040FD}.Release|x86.ActiveCfg = Release|Any CPU
		{611383DA-D8C9-4939-938F-C1055B0040FD}.Release|x86.Build.0 = Release|Any CPU
		{8D29958E-AAEC-440D-85F7-0A7F881FF120}.Ad-Hoc|Any CPU.ActiveCfg = Release|Any CPU
		{8D29958E-AAEC-440D-85F7-0A7F881FF120}.Ad-Hoc|Any CPU.Build.0 = Release|Any CPU
		{8D29958E-AAEC-440D-85F7-0A7F881FF120}.Ad-Hoc|ARM.ActiveCfg = Release|Any CPU
		{8D29958E-AAEC-440D-85F7-0A7F881FF120}.Ad-Hoc|ARM.Build.0 = Release|Any CPU
		{8D29958E-AAEC-440D-85F7-0A7F881FF120}.Ad-Hoc|iPhone.ActiveCfg = Release|Any CPU
		{8D29958E-AAEC-440D-85F7-0A7F881FF120}.Ad-Hoc|iPhone.Build.0 = Release|Any CPU
		{8D29958E-AAEC-440D-85F7-0A7F881FF120}.Ad-Hoc|iPhoneSimulator.ActiveCfg = Release|Any CPU
		{8D29958E-AAEC-440D-85F7-0A7F881FF120}.Ad-Hoc|iPhoneSimulator.Build.0 = Release|Any CPU
		{8D29958E-AAEC-440D-85F7-0A7F881FF120}.Ad-Hoc|x64.ActiveCfg = Release|Any CPU
		{8D29958E-AAEC-440D-85F7-0A7F881FF120}.Ad-Hoc|x64.Build.0 = Release|Any CPU
		{8D29958E-AAEC-440D-85F7-0A7F881FF120}.Ad-Hoc|x86.ActiveCfg = Release|Any CPU
		{8D29958E-AAEC-440D-85F7-0A7F881FF120}.Ad-Hoc|x86.Build.0 = Release|Any CPU
		{8D29958E-AAEC-440D-85F7-0A7F881FF120}.AppStore|Any CPU.ActiveCfg = Release|Any CPU
		{8D29958E-AAEC-440D-85F7-0A7F881FF120}.AppStore|Any CPU.Build.0 = Release|Any CPU
		{8D29958E-AAEC-440D-85F7-0A7F881FF120}.AppStore|ARM.ActiveCfg = Release|Any CPU
		{8D29958E-AAEC-440D-85F7-0A7F881FF120}.AppStore|ARM.Build.0 = Release|Any CPU
		{8D29958E-AAEC-440D-85F7-0A7F881FF120}.AppStore|iPhone.ActiveCfg = Release|Any CPU
		{8D29958E-AAEC-440D-85F7-0A7F881FF120}.AppStore|iPhone.Build.0 = Release|Any CPU
		{8D29958E-AAEC-440D-85F7-0A7F881FF120}.AppStore|iPhoneSimulator.ActiveCfg = Release|Any CPU
		{8D29958E-AAEC-440D-85F7-0A7F881FF120}.AppStore|iPhoneSimulator.Build.0 = Release|Any CPU
		{8D29958E-AAEC-440D-85F7-0A7F881FF120}.AppStore|x64.ActiveCfg = Release|Any CPU
		{8D29958E-AAEC-440D-85F7-0A7F881FF120}.AppStore|x64.Build.0 = Release|Any CPU
		{8D29958E-AAEC-440D-85F7-0A7F881FF120}.AppStore|x86.ActiveCfg = Release|Any CPU
		{8D29958E-AAEC-440D-85F7-0A7F881FF120}.AppStore|x86.Build.0 = Release|Any CPU
		{8D29958E-AAEC-440D-85F7-0A7F881FF120}.Debug|Any CPU.ActiveCfg = Debug|Any CPU
		{8D29958E-AAEC-440D-85F7-0A7F881FF120}.Debug|Any CPU.Build.0 = Debug|Any CPU
		{8D29958E-AAEC-440D-85F7-0A7F881FF120}.Debug|ARM.ActiveCfg = Debug|Any CPU
		{8D29958E-AAEC-440D-85F7-0A7F881FF120}.Debug|ARM.Build.0 = Debug|Any CPU
		{8D29958E-AAEC-440D-85F7-0A7F881FF120}.Debug|iPhone.ActiveCfg = Debug|Any CPU
		{8D29958E-AAEC-440D-85F7-0A7F881FF120}.Debug|iPhone.Build.0 = Debug|Any CPU
		{8D29958E-AAEC-440D-85F7-0A7F881FF120}.Debug|iPhoneSimulator.ActiveCfg = Debug|Any CPU
		{8D29958E-AAEC-440D-85F7-0A7F881FF120}.Debug|iPhoneSimulator.Build.0 = Debug|Any CPU
		{8D29958E-AAEC-440D-85F7-0A7F881FF120}.Debug|x64.ActiveCfg = Debug|Any CPU
		{8D29958E-AAEC-440D-85F7-0A7F881FF120}.Debug|x64.Build.0 = Debug|Any CPU
		{8D29958E-AAEC-440D-85F7-0A7F881FF120}.Debug|x86.ActiveCfg = Debug|Any CPU
		{8D29958E-AAEC-440D-85F7-0A7F881FF120}.Debug|x86.Build.0 = Debug|Any CPU
		{8D29958E-AAEC-440D-85F7-0A7F881FF120}.Release|Any CPU.ActiveCfg = Release|Any CPU
		{8D29958E-AAEC-440D-85F7-0A7F881FF120}.Release|Any CPU.Build.0 = Release|Any CPU
		{8D29958E-AAEC-440D-85F7-0A7F881FF120}.Release|ARM.ActiveCfg = Release|Any CPU
		{8D29958E-AAEC-440D-85F7-0A7F881FF120}.Release|ARM.Build.0 = Release|Any CPU
		{8D29958E-AAEC-440D-85F7-0A7F881FF120}.Release|iPhone.ActiveCfg = Release|Any CPU
		{8D29958E-AAEC-440D-85F7-0A7F881FF120}.Release|iPhone.Build.0 = Release|Any CPU
		{8D29958E-AAEC-440D-85F7-0A7F881FF120}.Release|iPhoneSimulator.ActiveCfg = Release|Any CPU
		{8D29958E-AAEC-440D-85F7-0A7F881FF120}.Release|iPhoneSimulator.Build.0 = Release|Any CPU
		{8D29958E-AAEC-440D-85F7-0A7F881FF120}.Release|x64.ActiveCfg = Release|Any CPU
		{8D29958E-AAEC-440D-85F7-0A7F881FF120}.Release|x64.Build.0 = Release|Any CPU
		{8D29958E-AAEC-440D-85F7-0A7F881FF120}.Release|x86.ActiveCfg = Release|Any CPU
		{8D29958E-AAEC-440D-85F7-0A7F881FF120}.Release|x86.Build.0 = Release|Any CPU
		{39B80FB0-8427-4F63-9617-F39D83E48E43}.Ad-Hoc|Any CPU.ActiveCfg = Release|Any CPU
		{39B80FB0-8427-4F63-9617-F39D83E48E43}.Ad-Hoc|Any CPU.Build.0 = Release|Any CPU
		{39B80FB0-8427-4F63-9617-F39D83E48E43}.Ad-Hoc|ARM.ActiveCfg = Release|Any CPU
		{39B80FB0-8427-4F63-9617-F39D83E48E43}.Ad-Hoc|ARM.Build.0 = Release|Any CPU
		{39B80FB0-8427-4F63-9617-F39D83E48E43}.Ad-Hoc|iPhone.ActiveCfg = Release|Any CPU
		{39B80FB0-8427-4F63-9617-F39D83E48E43}.Ad-Hoc|iPhone.Build.0 = Release|Any CPU
		{39B80FB0-8427-4F63-9617-F39D83E48E43}.Ad-Hoc|iPhoneSimulator.ActiveCfg = Release|Any CPU
		{39B80FB0-8427-4F63-9617-F39D83E48E43}.Ad-Hoc|iPhoneSimulator.Build.0 = Release|Any CPU
		{39B80FB0-8427-4F63-9617-F39D83E48E43}.Ad-Hoc|x64.ActiveCfg = Release|Any CPU
		{39B80FB0-8427-4F63-9617-F39D83E48E43}.Ad-Hoc|x64.Build.0 = Release|Any CPU
		{39B80FB0-8427-4F63-9617-F39D83E48E43}.Ad-Hoc|x86.ActiveCfg = Release|Any CPU
		{39B80FB0-8427-4F63-9617-F39D83E48E43}.Ad-Hoc|x86.Build.0 = Release|Any CPU
		{39B80FB0-8427-4F63-9617-F39D83E48E43}.AppStore|Any CPU.ActiveCfg = Release|Any CPU
		{39B80FB0-8427-4F63-9617-F39D83E48E43}.AppStore|Any CPU.Build.0 = Release|Any CPU
		{39B80FB0-8427-4F63-9617-F39D83E48E43}.AppStore|ARM.ActiveCfg = Release|Any CPU
		{39B80FB0-8427-4F63-9617-F39D83E48E43}.AppStore|ARM.Build.0 = Release|Any CPU
		{39B80FB0-8427-4F63-9617-F39D83E48E43}.AppStore|iPhone.ActiveCfg = Release|Any CPU
		{39B80FB0-8427-4F63-9617-F39D83E48E43}.AppStore|iPhone.Build.0 = Release|Any CPU
		{39B80FB0-8427-4F63-9617-F39D83E48E43}.AppStore|iPhoneSimulator.ActiveCfg = Release|Any CPU
		{39B80FB0-8427-4F63-9617-F39D83E48E43}.AppStore|iPhoneSimulator.Build.0 = Release|Any CPU
		{39B80FB0-8427-4F63-9617-F39D83E48E43}.AppStore|x64.ActiveCfg = Release|Any CPU
		{39B80FB0-8427-4F63-9617-F39D83E48E43}.AppStore|x64.Build.0 = Release|Any CPU
		{39B80FB0-8427-4F63-9617-F39D83E48E43}.AppStore|x86.ActiveCfg = Release|Any CPU
		{39B80FB0-8427-4F63-9617-F39D83E48E43}.AppStore|x86.Build.0 = Release|Any CPU
		{39B80FB0-8427-4F63-9617-F39D83E48E43}.Debug|Any CPU.ActiveCfg = Debug|Any CPU
		{39B80FB0-8427-4F63-9617-F39D83E48E43}.Debug|Any CPU.Build.0 = Debug|Any CPU
		{39B80FB0-8427-4F63-9617-F39D83E48E43}.Debug|ARM.ActiveCfg = Debug|Any CPU
		{39B80FB0-8427-4F63-9617-F39D83E48E43}.Debug|ARM.Build.0 = Debug|Any CPU
		{39B80FB0-8427-4F63-9617-F39D83E48E43}.Debug|iPhone.ActiveCfg = Debug|Any CPU
		{39B80FB0-8427-4F63-9617-F39D83E48E43}.Debug|iPhone.Build.0 = Debug|Any CPU
		{39B80FB0-8427-4F63-9617-F39D83E48E43}.Debug|iPhoneSimulator.ActiveCfg = Debug|Any CPU
		{39B80FB0-8427-4F63-9617-F39D83E48E43}.Debug|iPhoneSimulator.Build.0 = Debug|Any CPU
		{39B80FB0-8427-4F63-9617-F39D83E48E43}.Debug|x64.ActiveCfg = Debug|Any CPU
		{39B80FB0-8427-4F63-9617-F39D83E48E43}.Debug|x64.Build.0 = Debug|Any CPU
		{39B80FB0-8427-4F63-9617-F39D83E48E43}.Debug|x86.ActiveCfg = Debug|Any CPU
		{39B80FB0-8427-4F63-9617-F39D83E48E43}.Debug|x86.Build.0 = Debug|Any CPU
		{39B80FB0-8427-4F63-9617-F39D83E48E43}.Release|Any CPU.ActiveCfg = Release|Any CPU
		{39B80FB0-8427-4F63-9617-F39D83E48E43}.Release|Any CPU.Build.0 = Release|Any CPU
		{39B80FB0-8427-4F63-9617-F39D83E48E43}.Release|ARM.ActiveCfg = Release|Any CPU
		{39B80FB0-8427-4F63-9617-F39D83E48E43}.Release|ARM.Build.0 = Release|Any CPU
		{39B80FB0-8427-4F63-9617-F39D83E48E43}.Release|iPhone.ActiveCfg = Release|Any CPU
		{39B80FB0-8427-4F63-9617-F39D83E48E43}.Release|iPhone.Build.0 = Release|Any CPU
		{39B80FB0-8427-4F63-9617-F39D83E48E43}.Release|iPhoneSimulator.ActiveCfg = Release|Any CPU
		{39B80FB0-8427-4F63-9617-F39D83E48E43}.Release|iPhoneSimulator.Build.0 = Release|Any CPU
		{39B80FB0-8427-4F63-9617-F39D83E48E43}.Release|x64.ActiveCfg = Release|Any CPU
		{39B80FB0-8427-4F63-9617-F39D83E48E43}.Release|x64.Build.0 = Release|Any CPU
		{39B80FB0-8427-4F63-9617-F39D83E48E43}.Release|x86.ActiveCfg = Release|Any CPU
		{39B80FB0-8427-4F63-9617-F39D83E48E43}.Release|x86.Build.0 = Release|Any CPU
		{9B565D57-E501-4C71-A3D8-681D1A40FFA2}.Ad-Hoc|Any CPU.ActiveCfg = Debug|Any CPU
		{9B565D57-E501-4C71-A3D8-681D1A40FFA2}.Ad-Hoc|Any CPU.Build.0 = Debug|Any CPU
		{9B565D57-E501-4C71-A3D8-681D1A40FFA2}.Ad-Hoc|ARM.ActiveCfg = Debug|Any CPU
		{9B565D57-E501-4C71-A3D8-681D1A40FFA2}.Ad-Hoc|ARM.Build.0 = Debug|Any CPU
		{9B565D57-E501-4C71-A3D8-681D1A40FFA2}.Ad-Hoc|iPhone.ActiveCfg = Debug|Any CPU
		{9B565D57-E501-4C71-A3D8-681D1A40FFA2}.Ad-Hoc|iPhone.Build.0 = Debug|Any CPU
		{9B565D57-E501-4C71-A3D8-681D1A40FFA2}.Ad-Hoc|iPhoneSimulator.ActiveCfg = Debug|Any CPU
		{9B565D57-E501-4C71-A3D8-681D1A40FFA2}.Ad-Hoc|iPhoneSimulator.Build.0 = Debug|Any CPU
		{9B565D57-E501-4C71-A3D8-681D1A40FFA2}.Ad-Hoc|x64.ActiveCfg = Debug|Any CPU
		{9B565D57-E501-4C71-A3D8-681D1A40FFA2}.Ad-Hoc|x64.Build.0 = Debug|Any CPU
		{9B565D57-E501-4C71-A3D8-681D1A40FFA2}.Ad-Hoc|x86.ActiveCfg = Debug|Any CPU
		{9B565D57-E501-4C71-A3D8-681D1A40FFA2}.Ad-Hoc|x86.Build.0 = Debug|Any CPU
		{9B565D57-E501-4C71-A3D8-681D1A40FFA2}.AppStore|Any CPU.ActiveCfg = Debug|Any CPU
		{9B565D57-E501-4C71-A3D8-681D1A40FFA2}.AppStore|Any CPU.Build.0 = Debug|Any CPU
		{9B565D57-E501-4C71-A3D8-681D1A40FFA2}.AppStore|ARM.ActiveCfg = Debug|Any CPU
		{9B565D57-E501-4C71-A3D8-681D1A40FFA2}.AppStore|ARM.Build.0 = Debug|Any CPU
		{9B565D57-E501-4C71-A3D8-681D1A40FFA2}.AppStore|iPhone.ActiveCfg = Debug|Any CPU
		{9B565D57-E501-4C71-A3D8-681D1A40FFA2}.AppStore|iPhone.Build.0 = Debug|Any CPU
		{9B565D57-E501-4C71-A3D8-681D1A40FFA2}.AppStore|iPhoneSimulator.ActiveCfg = Debug|Any CPU
		{9B565D57-E501-4C71-A3D8-681D1A40FFA2}.AppStore|iPhoneSimulator.Build.0 = Debug|Any CPU
		{9B565D57-E501-4C71-A3D8-681D1A40FFA2}.AppStore|x64.ActiveCfg = Debug|Any CPU
		{9B565D57-E501-4C71-A3D8-681D1A40FFA2}.AppStore|x64.Build.0 = Debug|Any CPU
		{9B565D57-E501-4C71-A3D8-681D1A40FFA2}.AppStore|x86.ActiveCfg = Debug|Any CPU
		{9B565D57-E501-4C71-A3D8-681D1A40FFA2}.AppStore|x86.Build.0 = Debug|Any CPU
		{9B565D57-E501-4C71-A3D8-681D1A40FFA2}.Debug|Any CPU.ActiveCfg = Debug|Any CPU
		{9B565D57-E501-4C71-A3D8-681D1A40FFA2}.Debug|Any CPU.Build.0 = Debug|Any CPU
		{9B565D57-E501-4C71-A3D8-681D1A40FFA2}.Debug|ARM.ActiveCfg = Debug|Any CPU
		{9B565D57-E501-4C71-A3D8-681D1A40FFA2}.Debug|ARM.Build.0 = Debug|Any CPU
		{9B565D57-E501-4C71-A3D8-681D1A40FFA2}.Debug|iPhone.ActiveCfg = Debug|Any CPU
		{9B565D57-E501-4C71-A3D8-681D1A40FFA2}.Debug|iPhone.Build.0 = Debug|Any CPU
		{9B565D57-E501-4C71-A3D8-681D1A40FFA2}.Debug|iPhoneSimulator.ActiveCfg = Debug|Any CPU
		{9B565D57-E501-4C71-A3D8-681D1A40FFA2}.Debug|iPhoneSimulator.Build.0 = Debug|Any CPU
		{9B565D57-E501-4C71-A3D8-681D1A40FFA2}.Debug|x64.ActiveCfg = Debug|Any CPU
		{9B565D57-E501-4C71-A3D8-681D1A40FFA2}.Debug|x64.Build.0 = Debug|Any CPU
		{9B565D57-E501-4C71-A3D8-681D1A40FFA2}.Debug|x86.ActiveCfg = Debug|Any CPU
		{9B565D57-E501-4C71-A3D8-681D1A40FFA2}.Debug|x86.Build.0 = Debug|Any CPU
		{9B565D57-E501-4C71-A3D8-681D1A40FFA2}.Release|Any CPU.ActiveCfg = Release|Any CPU
		{9B565D57-E501-4C71-A3D8-681D1A40FFA2}.Release|Any CPU.Build.0 = Release|Any CPU
		{9B565D57-E501-4C71-A3D8-681D1A40FFA2}.Release|ARM.ActiveCfg = Release|Any CPU
		{9B565D57-E501-4C71-A3D8-681D1A40FFA2}.Release|ARM.Build.0 = Release|Any CPU
		{9B565D57-E501-4C71-A3D8-681D1A40FFA2}.Release|iPhone.ActiveCfg = Release|Any CPU
		{9B565D57-E501-4C71-A3D8-681D1A40FFA2}.Release|iPhone.Build.0 = Release|Any CPU
		{9B565D57-E501-4C71-A3D8-681D1A40FFA2}.Release|iPhoneSimulator.ActiveCfg = Release|Any CPU
		{9B565D57-E501-4C71-A3D8-681D1A40FFA2}.Release|iPhoneSimulator.Build.0 = Release|Any CPU
		{9B565D57-E501-4C71-A3D8-681D1A40FFA2}.Release|x64.ActiveCfg = Release|Any CPU
		{9B565D57-E501-4C71-A3D8-681D1A40FFA2}.Release|x64.Build.0 = Release|Any CPU
		{9B565D57-E501-4C71-A3D8-681D1A40FFA2}.Release|x86.ActiveCfg = Release|Any CPU
		{9B565D57-E501-4C71-A3D8-681D1A40FFA2}.Release|x86.Build.0 = Release|Any CPU
		{2349B0F6-5F63-438A-A430-85E677BD2888}.Ad-Hoc|Any CPU.ActiveCfg = Debug|Any CPU
		{2349B0F6-5F63-438A-A430-85E677BD2888}.Ad-Hoc|Any CPU.Build.0 = Debug|Any CPU
		{2349B0F6-5F63-438A-A430-85E677BD2888}.Ad-Hoc|ARM.ActiveCfg = Debug|Any CPU
		{2349B0F6-5F63-438A-A430-85E677BD2888}.Ad-Hoc|ARM.Build.0 = Debug|Any CPU
		{2349B0F6-5F63-438A-A430-85E677BD2888}.Ad-Hoc|iPhone.ActiveCfg = Debug|Any CPU
		{2349B0F6-5F63-438A-A430-85E677BD2888}.Ad-Hoc|iPhone.Build.0 = Debug|Any CPU
		{2349B0F6-5F63-438A-A430-85E677BD2888}.Ad-Hoc|iPhoneSimulator.ActiveCfg = Debug|Any CPU
		{2349B0F6-5F63-438A-A430-85E677BD2888}.Ad-Hoc|iPhoneSimulator.Build.0 = Debug|Any CPU
		{2349B0F6-5F63-438A-A430-85E677BD2888}.Ad-Hoc|x64.ActiveCfg = Debug|Any CPU
		{2349B0F6-5F63-438A-A430-85E677BD2888}.Ad-Hoc|x64.Build.0 = Debug|Any CPU
		{2349B0F6-5F63-438A-A430-85E677BD2888}.Ad-Hoc|x86.ActiveCfg = Debug|Any CPU
		{2349B0F6-5F63-438A-A430-85E677BD2888}.Ad-Hoc|x86.Build.0 = Debug|Any CPU
		{2349B0F6-5F63-438A-A430-85E677BD2888}.AppStore|Any CPU.ActiveCfg = Debug|Any CPU
		{2349B0F6-5F63-438A-A430-85E677BD2888}.AppStore|Any CPU.Build.0 = Debug|Any CPU
		{2349B0F6-5F63-438A-A430-85E677BD2888}.AppStore|ARM.ActiveCfg = Debug|Any CPU
		{2349B0F6-5F63-438A-A430-85E677BD2888}.AppStore|ARM.Build.0 = Debug|Any CPU
		{2349B0F6-5F63-438A-A430-85E677BD2888}.AppStore|iPhone.ActiveCfg = Debug|Any CPU
		{2349B0F6-5F63-438A-A430-85E677BD2888}.AppStore|iPhone.Build.0 = Debug|Any CPU
		{2349B0F6-5F63-438A-A430-85E677BD2888}.AppStore|iPhoneSimulator.ActiveCfg = Debug|Any CPU
		{2349B0F6-5F63-438A-A430-85E677BD2888}.AppStore|iPhoneSimulator.Build.0 = Debug|Any CPU
		{2349B0F6-5F63-438A-A430-85E677BD2888}.AppStore|x64.ActiveCfg = Debug|Any CPU
		{2349B0F6-5F63-438A-A430-85E677BD2888}.AppStore|x64.Build.0 = Debug|Any CPU
		{2349B0F6-5F63-438A-A430-85E677BD2888}.AppStore|x86.ActiveCfg = Debug|Any CPU
		{2349B0F6-5F63-438A-A430-85E677BD2888}.AppStore|x86.Build.0 = Debug|Any CPU
		{2349B0F6-5F63-438A-A430-85E677BD2888}.Debug|Any CPU.ActiveCfg = Debug|Any CPU
		{2349B0F6-5F63-438A-A430-85E677BD2888}.Debug|Any CPU.Build.0 = Debug|Any CPU
		{2349B0F6-5F63-438A-A430-85E677BD2888}.Debug|ARM.ActiveCfg = Debug|Any CPU
		{2349B0F6-5F63-438A-A430-85E677BD2888}.Debug|ARM.Build.0 = Debug|Any CPU
		{2349B0F6-5F63-438A-A430-85E677BD2888}.Debug|iPhone.ActiveCfg = Debug|Any CPU
		{2349B0F6-5F63-438A-A430-85E677BD2888}.Debug|iPhone.Build.0 = Debug|Any CPU
		{2349B0F6-5F63-438A-A430-85E677BD2888}.Debug|iPhoneSimulator.ActiveCfg = Debug|Any CPU
		{2349B0F6-5F63-438A-A430-85E677BD2888}.Debug|iPhoneSimulator.Build.0 = Debug|Any CPU
		{2349B0F6-5F63-438A-A430-85E677BD2888}.Debug|x64.ActiveCfg = Debug|Any CPU
		{2349B0F6-5F63-438A-A430-85E677BD2888}.Debug|x64.Build.0 = Debug|Any CPU
		{2349B0F6-5F63-438A-A430-85E677BD2888}.Debug|x86.ActiveCfg = Debug|Any CPU
		{2349B0F6-5F63-438A-A430-85E677BD2888}.Debug|x86.Build.0 = Debug|Any CPU
		{2349B0F6-5F63-438A-A430-85E677BD2888}.Release|Any CPU.ActiveCfg = Release|Any CPU
		{2349B0F6-5F63-438A-A430-85E677BD2888}.Release|Any CPU.Build.0 = Release|Any CPU
		{2349B0F6-5F63-438A-A430-85E677BD2888}.Release|ARM.ActiveCfg = Release|Any CPU
		{2349B0F6-5F63-438A-A430-85E677BD2888}.Release|ARM.Build.0 = Release|Any CPU
		{2349B0F6-5F63-438A-A430-85E677BD2888}.Release|iPhone.ActiveCfg = Release|Any CPU
		{2349B0F6-5F63-438A-A430-85E677BD2888}.Release|iPhone.Build.0 = Release|Any CPU
		{2349B0F6-5F63-438A-A430-85E677BD2888}.Release|iPhoneSimulator.ActiveCfg = Release|Any CPU
		{2349B0F6-5F63-438A-A430-85E677BD2888}.Release|iPhoneSimulator.Build.0 = Release|Any CPU
		{2349B0F6-5F63-438A-A430-85E677BD2888}.Release|x64.ActiveCfg = Release|Any CPU
		{2349B0F6-5F63-438A-A430-85E677BD2888}.Release|x64.Build.0 = Release|Any CPU
		{2349B0F6-5F63-438A-A430-85E677BD2888}.Release|x86.ActiveCfg = Release|Any CPU
		{2349B0F6-5F63-438A-A430-85E677BD2888}.Release|x86.Build.0 = Release|Any CPU
		{E608214A-8B74-42CD-9E55-5911390D1F45}.Ad-Hoc|Any CPU.ActiveCfg = Debug|Any CPU
		{E608214A-8B74-42CD-9E55-5911390D1F45}.Ad-Hoc|Any CPU.Build.0 = Debug|Any CPU
		{E608214A-8B74-42CD-9E55-5911390D1F45}.Ad-Hoc|ARM.ActiveCfg = Debug|Any CPU
		{E608214A-8B74-42CD-9E55-5911390D1F45}.Ad-Hoc|ARM.Build.0 = Debug|Any CPU
		{E608214A-8B74-42CD-9E55-5911390D1F45}.Ad-Hoc|iPhone.ActiveCfg = Debug|Any CPU
		{E608214A-8B74-42CD-9E55-5911390D1F45}.Ad-Hoc|iPhone.Build.0 = Debug|Any CPU
		{E608214A-8B74-42CD-9E55-5911390D1F45}.Ad-Hoc|iPhoneSimulator.ActiveCfg = Debug|Any CPU
		{E608214A-8B74-42CD-9E55-5911390D1F45}.Ad-Hoc|iPhoneSimulator.Build.0 = Debug|Any CPU
		{E608214A-8B74-42CD-9E55-5911390D1F45}.Ad-Hoc|x64.ActiveCfg = Debug|Any CPU
		{E608214A-8B74-42CD-9E55-5911390D1F45}.Ad-Hoc|x64.Build.0 = Debug|Any CPU
		{E608214A-8B74-42CD-9E55-5911390D1F45}.Ad-Hoc|x86.ActiveCfg = Debug|Any CPU
		{E608214A-8B74-42CD-9E55-5911390D1F45}.Ad-Hoc|x86.Build.0 = Debug|Any CPU
		{E608214A-8B74-42CD-9E55-5911390D1F45}.AppStore|Any CPU.ActiveCfg = Debug|Any CPU
		{E608214A-8B74-42CD-9E55-5911390D1F45}.AppStore|Any CPU.Build.0 = Debug|Any CPU
		{E608214A-8B74-42CD-9E55-5911390D1F45}.AppStore|ARM.ActiveCfg = Debug|Any CPU
		{E608214A-8B74-42CD-9E55-5911390D1F45}.AppStore|ARM.Build.0 = Debug|Any CPU
		{E608214A-8B74-42CD-9E55-5911390D1F45}.AppStore|iPhone.ActiveCfg = Debug|Any CPU
		{E608214A-8B74-42CD-9E55-5911390D1F45}.AppStore|iPhone.Build.0 = Debug|Any CPU
		{E608214A-8B74-42CD-9E55-5911390D1F45}.AppStore|iPhoneSimulator.ActiveCfg = Debug|Any CPU
		{E608214A-8B74-42CD-9E55-5911390D1F45}.AppStore|iPhoneSimulator.Build.0 = Debug|Any CPU
		{E608214A-8B74-42CD-9E55-5911390D1F45}.AppStore|x64.ActiveCfg = Debug|Any CPU
		{E608214A-8B74-42CD-9E55-5911390D1F45}.AppStore|x64.Build.0 = Debug|Any CPU
		{E608214A-8B74-42CD-9E55-5911390D1F45}.AppStore|x86.ActiveCfg = Debug|Any CPU
		{E608214A-8B74-42CD-9E55-5911390D1F45}.AppStore|x86.Build.0 = Debug|Any CPU
		{E608214A-8B74-42CD-9E55-5911390D1F45}.Debug|Any CPU.ActiveCfg = Debug|Any CPU
		{E608214A-8B74-42CD-9E55-5911390D1F45}.Debug|Any CPU.Build.0 = Debug|Any CPU
		{E608214A-8B74-42CD-9E55-5911390D1F45}.Debug|ARM.ActiveCfg = Debug|Any CPU
		{E608214A-8B74-42CD-9E55-5911390D1F45}.Debug|ARM.Build.0 = Debug|Any CPU
		{E608214A-8B74-42CD-9E55-5911390D1F45}.Debug|iPhone.ActiveCfg = Debug|Any CPU
		{E608214A-8B74-42CD-9E55-5911390D1F45}.Debug|iPhone.Build.0 = Debug|Any CPU
		{E608214A-8B74-42CD-9E55-5911390D1F45}.Debug|iPhoneSimulator.ActiveCfg = Debug|Any CPU
		{E608214A-8B74-42CD-9E55-5911390D1F45}.Debug|iPhoneSimulator.Build.0 = Debug|Any CPU
		{E608214A-8B74-42CD-9E55-5911390D1F45}.Debug|x64.ActiveCfg = Debug|Any CPU
		{E608214A-8B74-42CD-9E55-5911390D1F45}.Debug|x64.Build.0 = Debug|Any CPU
		{E608214A-8B74-42CD-9E55-5911390D1F45}.Debug|x86.ActiveCfg = Debug|Any CPU
		{E608214A-8B74-42CD-9E55-5911390D1F45}.Debug|x86.Build.0 = Debug|Any CPU
		{E608214A-8B74-42CD-9E55-5911390D1F45}.Release|Any CPU.ActiveCfg = Release|Any CPU
		{E608214A-8B74-42CD-9E55-5911390D1F45}.Release|Any CPU.Build.0 = Release|Any CPU
		{E608214A-8B74-42CD-9E55-5911390D1F45}.Release|ARM.ActiveCfg = Release|Any CPU
		{E608214A-8B74-42CD-9E55-5911390D1F45}.Release|ARM.Build.0 = Release|Any CPU
		{E608214A-8B74-42CD-9E55-5911390D1F45}.Release|iPhone.ActiveCfg = Release|Any CPU
		{E608214A-8B74-42CD-9E55-5911390D1F45}.Release|iPhone.Build.0 = Release|Any CPU
		{E608214A-8B74-42CD-9E55-5911390D1F45}.Release|iPhoneSimulator.ActiveCfg = Release|Any CPU
		{E608214A-8B74-42CD-9E55-5911390D1F45}.Release|iPhoneSimulator.Build.0 = Release|Any CPU
		{E608214A-8B74-42CD-9E55-5911390D1F45}.Release|x64.ActiveCfg = Release|Any CPU
		{E608214A-8B74-42CD-9E55-5911390D1F45}.Release|x64.Build.0 = Release|Any CPU
		{E608214A-8B74-42CD-9E55-5911390D1F45}.Release|x86.ActiveCfg = Release|Any CPU
		{E608214A-8B74-42CD-9E55-5911390D1F45}.Release|x86.Build.0 = Release|Any CPU
		{57D3C07C-3A36-4094-ACE1-B7BA55985C25}.Ad-Hoc|Any CPU.ActiveCfg = Debug|Any CPU
		{57D3C07C-3A36-4094-ACE1-B7BA55985C25}.Ad-Hoc|Any CPU.Build.0 = Debug|Any CPU
		{57D3C07C-3A36-4094-ACE1-B7BA55985C25}.Ad-Hoc|ARM.ActiveCfg = Debug|Any CPU
		{57D3C07C-3A36-4094-ACE1-B7BA55985C25}.Ad-Hoc|ARM.Build.0 = Debug|Any CPU
		{57D3C07C-3A36-4094-ACE1-B7BA55985C25}.Ad-Hoc|iPhone.ActiveCfg = Debug|Any CPU
		{57D3C07C-3A36-4094-ACE1-B7BA55985C25}.Ad-Hoc|iPhone.Build.0 = Debug|Any CPU
		{57D3C07C-3A36-4094-ACE1-B7BA55985C25}.Ad-Hoc|iPhoneSimulator.ActiveCfg = Debug|Any CPU
		{57D3C07C-3A36-4094-ACE1-B7BA55985C25}.Ad-Hoc|iPhoneSimulator.Build.0 = Debug|Any CPU
		{57D3C07C-3A36-4094-ACE1-B7BA55985C25}.Ad-Hoc|x64.ActiveCfg = Debug|Any CPU
		{57D3C07C-3A36-4094-ACE1-B7BA55985C25}.Ad-Hoc|x64.Build.0 = Debug|Any CPU
		{57D3C07C-3A36-4094-ACE1-B7BA55985C25}.Ad-Hoc|x86.ActiveCfg = Debug|Any CPU
		{57D3C07C-3A36-4094-ACE1-B7BA55985C25}.Ad-Hoc|x86.Build.0 = Debug|Any CPU
		{57D3C07C-3A36-4094-ACE1-B7BA55985C25}.AppStore|Any CPU.ActiveCfg = Debug|Any CPU
		{57D3C07C-3A36-4094-ACE1-B7BA55985C25}.AppStore|Any CPU.Build.0 = Debug|Any CPU
		{57D3C07C-3A36-4094-ACE1-B7BA55985C25}.AppStore|ARM.ActiveCfg = Debug|Any CPU
		{57D3C07C-3A36-4094-ACE1-B7BA55985C25}.AppStore|ARM.Build.0 = Debug|Any CPU
		{57D3C07C-3A36-4094-ACE1-B7BA55985C25}.AppStore|iPhone.ActiveCfg = Debug|Any CPU
		{57D3C07C-3A36-4094-ACE1-B7BA55985C25}.AppStore|iPhone.Build.0 = Debug|Any CPU
		{57D3C07C-3A36-4094-ACE1-B7BA55985C25}.AppStore|iPhoneSimulator.ActiveCfg = Debug|Any CPU
		{57D3C07C-3A36-4094-ACE1-B7BA55985C25}.AppStore|iPhoneSimulator.Build.0 = Debug|Any CPU
		{57D3C07C-3A36-4094-ACE1-B7BA55985C25}.AppStore|x64.ActiveCfg = Debug|Any CPU
		{57D3C07C-3A36-4094-ACE1-B7BA55985C25}.AppStore|x64.Build.0 = Debug|Any CPU
		{57D3C07C-3A36-4094-ACE1-B7BA55985C25}.AppStore|x86.ActiveCfg = Debug|Any CPU
		{57D3C07C-3A36-4094-ACE1-B7BA55985C25}.AppStore|x86.Build.0 = Debug|Any CPU
		{57D3C07C-3A36-4094-ACE1-B7BA55985C25}.Debug|Any CPU.ActiveCfg = Debug|Any CPU
		{57D3C07C-3A36-4094-ACE1-B7BA55985C25}.Debug|Any CPU.Build.0 = Debug|Any CPU
		{57D3C07C-3A36-4094-ACE1-B7BA55985C25}.Debug|ARM.ActiveCfg = Debug|Any CPU
		{57D3C07C-3A36-4094-ACE1-B7BA55985C25}.Debug|ARM.Build.0 = Debug|Any CPU
		{57D3C07C-3A36-4094-ACE1-B7BA55985C25}.Debug|iPhone.ActiveCfg = Debug|Any CPU
		{57D3C07C-3A36-4094-ACE1-B7BA55985C25}.Debug|iPhone.Build.0 = Debug|Any CPU
		{57D3C07C-3A36-4094-ACE1-B7BA55985C25}.Debug|iPhoneSimulator.ActiveCfg = Debug|Any CPU
		{57D3C07C-3A36-4094-ACE1-B7BA55985C25}.Debug|iPhoneSimulator.Build.0 = Debug|Any CPU
		{57D3C07C-3A36-4094-ACE1-B7BA55985C25}.Debug|x64.ActiveCfg = Debug|Any CPU
		{57D3C07C-3A36-4094-ACE1-B7BA55985C25}.Debug|x64.Build.0 = Debug|Any CPU
		{57D3C07C-3A36-4094-ACE1-B7BA55985C25}.Debug|x86.ActiveCfg = Debug|Any CPU
		{57D3C07C-3A36-4094-ACE1-B7BA55985C25}.Debug|x86.Build.0 = Debug|Any CPU
		{57D3C07C-3A36-4094-ACE1-B7BA55985C25}.Release|Any CPU.ActiveCfg = Release|Any CPU
		{57D3C07C-3A36-4094-ACE1-B7BA55985C25}.Release|Any CPU.Build.0 = Release|Any CPU
		{57D3C07C-3A36-4094-ACE1-B7BA55985C25}.Release|ARM.ActiveCfg = Release|Any CPU
		{57D3C07C-3A36-4094-ACE1-B7BA55985C25}.Release|ARM.Build.0 = Release|Any CPU
		{57D3C07C-3A36-4094-ACE1-B7BA55985C25}.Release|iPhone.ActiveCfg = Release|Any CPU
		{57D3C07C-3A36-4094-ACE1-B7BA55985C25}.Release|iPhone.Build.0 = Release|Any CPU
		{57D3C07C-3A36-4094-ACE1-B7BA55985C25}.Release|iPhoneSimulator.ActiveCfg = Release|Any CPU
		{57D3C07C-3A36-4094-ACE1-B7BA55985C25}.Release|iPhoneSimulator.Build.0 = Release|Any CPU
		{57D3C07C-3A36-4094-ACE1-B7BA55985C25}.Release|x64.ActiveCfg = Release|Any CPU
		{57D3C07C-3A36-4094-ACE1-B7BA55985C25}.Release|x64.Build.0 = Release|Any CPU
		{57D3C07C-3A36-4094-ACE1-B7BA55985C25}.Release|x86.ActiveCfg = Release|Any CPU
		{57D3C07C-3A36-4094-ACE1-B7BA55985C25}.Release|x86.Build.0 = Release|Any CPU
		{6D2BDE3F-EA92-4EB5-B8D2-846ADC732ADC}.Ad-Hoc|Any CPU.ActiveCfg = Debug|Any CPU
		{6D2BDE3F-EA92-4EB5-B8D2-846ADC732ADC}.Ad-Hoc|Any CPU.Build.0 = Debug|Any CPU
		{6D2BDE3F-EA92-4EB5-B8D2-846ADC732ADC}.Ad-Hoc|ARM.ActiveCfg = Debug|Any CPU
		{6D2BDE3F-EA92-4EB5-B8D2-846ADC732ADC}.Ad-Hoc|ARM.Build.0 = Debug|Any CPU
		{6D2BDE3F-EA92-4EB5-B8D2-846ADC732ADC}.Ad-Hoc|iPhone.ActiveCfg = Debug|Any CPU
		{6D2BDE3F-EA92-4EB5-B8D2-846ADC732ADC}.Ad-Hoc|iPhone.Build.0 = Debug|Any CPU
		{6D2BDE3F-EA92-4EB5-B8D2-846ADC732ADC}.Ad-Hoc|iPhoneSimulator.ActiveCfg = Debug|Any CPU
		{6D2BDE3F-EA92-4EB5-B8D2-846ADC732ADC}.Ad-Hoc|iPhoneSimulator.Build.0 = Debug|Any CPU
		{6D2BDE3F-EA92-4EB5-B8D2-846ADC732ADC}.Ad-Hoc|x64.ActiveCfg = Debug|Any CPU
		{6D2BDE3F-EA92-4EB5-B8D2-846ADC732ADC}.Ad-Hoc|x64.Build.0 = Debug|Any CPU
		{6D2BDE3F-EA92-4EB5-B8D2-846ADC732ADC}.Ad-Hoc|x86.ActiveCfg = Debug|Any CPU
		{6D2BDE3F-EA92-4EB5-B8D2-846ADC732ADC}.Ad-Hoc|x86.Build.0 = Debug|Any CPU
		{6D2BDE3F-EA92-4EB5-B8D2-846ADC732ADC}.AppStore|Any CPU.ActiveCfg = Debug|Any CPU
		{6D2BDE3F-EA92-4EB5-B8D2-846ADC732ADC}.AppStore|Any CPU.Build.0 = Debug|Any CPU
		{6D2BDE3F-EA92-4EB5-B8D2-846ADC732ADC}.AppStore|ARM.ActiveCfg = Debug|Any CPU
		{6D2BDE3F-EA92-4EB5-B8D2-846ADC732ADC}.AppStore|ARM.Build.0 = Debug|Any CPU
		{6D2BDE3F-EA92-4EB5-B8D2-846ADC732ADC}.AppStore|iPhone.ActiveCfg = Debug|Any CPU
		{6D2BDE3F-EA92-4EB5-B8D2-846ADC732ADC}.AppStore|iPhone.Build.0 = Debug|Any CPU
		{6D2BDE3F-EA92-4EB5-B8D2-846ADC732ADC}.AppStore|iPhoneSimulator.ActiveCfg = Debug|Any CPU
		{6D2BDE3F-EA92-4EB5-B8D2-846ADC732ADC}.AppStore|iPhoneSimulator.Build.0 = Debug|Any CPU
		{6D2BDE3F-EA92-4EB5-B8D2-846ADC732ADC}.AppStore|x64.ActiveCfg = Debug|Any CPU
		{6D2BDE3F-EA92-4EB5-B8D2-846ADC732ADC}.AppStore|x64.Build.0 = Debug|Any CPU
		{6D2BDE3F-EA92-4EB5-B8D2-846ADC732ADC}.AppStore|x86.ActiveCfg = Debug|Any CPU
		{6D2BDE3F-EA92-4EB5-B8D2-846ADC732ADC}.AppStore|x86.Build.0 = Debug|Any CPU
		{6D2BDE3F-EA92-4EB5-B8D2-846ADC732ADC}.Debug|Any CPU.ActiveCfg = Debug|Any CPU
		{6D2BDE3F-EA92-4EB5-B8D2-846ADC732ADC}.Debug|Any CPU.Build.0 = Debug|Any CPU
		{6D2BDE3F-EA92-4EB5-B8D2-846ADC732ADC}.Debug|ARM.ActiveCfg = Debug|Any CPU
		{6D2BDE3F-EA92-4EB5-B8D2-846ADC732ADC}.Debug|ARM.Build.0 = Debug|Any CPU
		{6D2BDE3F-EA92-4EB5-B8D2-846ADC732ADC}.Debug|iPhone.ActiveCfg = Debug|Any CPU
		{6D2BDE3F-EA92-4EB5-B8D2-846ADC732ADC}.Debug|iPhone.Build.0 = Debug|Any CPU
		{6D2BDE3F-EA92-4EB5-B8D2-846ADC732ADC}.Debug|iPhoneSimulator.ActiveCfg = Debug|Any CPU
		{6D2BDE3F-EA92-4EB5-B8D2-846ADC732ADC}.Debug|iPhoneSimulator.Build.0 = Debug|Any CPU
		{6D2BDE3F-EA92-4EB5-B8D2-846ADC732ADC}.Debug|x64.ActiveCfg = Debug|Any CPU
		{6D2BDE3F-EA92-4EB5-B8D2-846ADC732ADC}.Debug|x64.Build.0 = Debug|Any CPU
		{6D2BDE3F-EA92-4EB5-B8D2-846ADC732ADC}.Debug|x86.ActiveCfg = Debug|Any CPU
		{6D2BDE3F-EA92-4EB5-B8D2-846ADC732ADC}.Debug|x86.Build.0 = Debug|Any CPU
		{6D2BDE3F-EA92-4EB5-B8D2-846ADC732ADC}.Release|Any CPU.ActiveCfg = Release|Any CPU
		{6D2BDE3F-EA92-4EB5-B8D2-846ADC732ADC}.Release|Any CPU.Build.0 = Release|Any CPU
		{6D2BDE3F-EA92-4EB5-B8D2-846ADC732ADC}.Release|ARM.ActiveCfg = Release|Any CPU
		{6D2BDE3F-EA92-4EB5-B8D2-846ADC732ADC}.Release|ARM.Build.0 = Release|Any CPU
		{6D2BDE3F-EA92-4EB5-B8D2-846ADC732ADC}.Release|iPhone.ActiveCfg = Release|Any CPU
		{6D2BDE3F-EA92-4EB5-B8D2-846ADC732ADC}.Release|iPhone.Build.0 = Release|Any CPU
		{6D2BDE3F-EA92-4EB5-B8D2-846ADC732ADC}.Release|iPhoneSimulator.ActiveCfg = Release|Any CPU
		{6D2BDE3F-EA92-4EB5-B8D2-846ADC732ADC}.Release|iPhoneSimulator.Build.0 = Release|Any CPU
		{6D2BDE3F-EA92-4EB5-B8D2-846ADC732ADC}.Release|x64.ActiveCfg = Release|Any CPU
		{6D2BDE3F-EA92-4EB5-B8D2-846ADC732ADC}.Release|x64.Build.0 = Release|Any CPU
		{6D2BDE3F-EA92-4EB5-B8D2-846ADC732ADC}.Release|x86.ActiveCfg = Release|Any CPU
		{6D2BDE3F-EA92-4EB5-B8D2-846ADC732ADC}.Release|x86.Build.0 = Release|Any CPU
		{36668F90-F315-4112-8E20-6DD315006477}.Ad-Hoc|Any CPU.ActiveCfg = Debug|Any CPU
		{36668F90-F315-4112-8E20-6DD315006477}.Ad-Hoc|Any CPU.Build.0 = Debug|Any CPU
		{36668F90-F315-4112-8E20-6DD315006477}.Ad-Hoc|ARM.ActiveCfg = Debug|Any CPU
		{36668F90-F315-4112-8E20-6DD315006477}.Ad-Hoc|ARM.Build.0 = Debug|Any CPU
		{36668F90-F315-4112-8E20-6DD315006477}.Ad-Hoc|iPhone.ActiveCfg = Debug|Any CPU
		{36668F90-F315-4112-8E20-6DD315006477}.Ad-Hoc|iPhone.Build.0 = Debug|Any CPU
		{36668F90-F315-4112-8E20-6DD315006477}.Ad-Hoc|iPhoneSimulator.ActiveCfg = Debug|Any CPU
		{36668F90-F315-4112-8E20-6DD315006477}.Ad-Hoc|iPhoneSimulator.Build.0 = Debug|Any CPU
		{36668F90-F315-4112-8E20-6DD315006477}.Ad-Hoc|x64.ActiveCfg = Debug|Any CPU
		{36668F90-F315-4112-8E20-6DD315006477}.Ad-Hoc|x64.Build.0 = Debug|Any CPU
		{36668F90-F315-4112-8E20-6DD315006477}.Ad-Hoc|x86.ActiveCfg = Debug|Any CPU
		{36668F90-F315-4112-8E20-6DD315006477}.Ad-Hoc|x86.Build.0 = Debug|Any CPU
		{36668F90-F315-4112-8E20-6DD315006477}.AppStore|Any CPU.ActiveCfg = Debug|Any CPU
		{36668F90-F315-4112-8E20-6DD315006477}.AppStore|Any CPU.Build.0 = Debug|Any CPU
		{36668F90-F315-4112-8E20-6DD315006477}.AppStore|ARM.ActiveCfg = Debug|Any CPU
		{36668F90-F315-4112-8E20-6DD315006477}.AppStore|ARM.Build.0 = Debug|Any CPU
		{36668F90-F315-4112-8E20-6DD315006477}.AppStore|iPhone.ActiveCfg = Debug|Any CPU
		{36668F90-F315-4112-8E20-6DD315006477}.AppStore|iPhone.Build.0 = Debug|Any CPU
		{36668F90-F315-4112-8E20-6DD315006477}.AppStore|iPhoneSimulator.ActiveCfg = Debug|Any CPU
		{36668F90-F315-4112-8E20-6DD315006477}.AppStore|iPhoneSimulator.Build.0 = Debug|Any CPU
		{36668F90-F315-4112-8E20-6DD315006477}.AppStore|x64.ActiveCfg = Debug|Any CPU
		{36668F90-F315-4112-8E20-6DD315006477}.AppStore|x64.Build.0 = Debug|Any CPU
		{36668F90-F315-4112-8E20-6DD315006477}.AppStore|x86.ActiveCfg = Debug|Any CPU
		{36668F90-F315-4112-8E20-6DD315006477}.AppStore|x86.Build.0 = Debug|Any CPU
		{36668F90-F315-4112-8E20-6DD315006477}.Debug|Any CPU.ActiveCfg = Debug|Any CPU
		{36668F90-F315-4112-8E20-6DD315006477}.Debug|Any CPU.Build.0 = Debug|Any CPU
		{36668F90-F315-4112-8E20-6DD315006477}.Debug|ARM.ActiveCfg = Debug|Any CPU
		{36668F90-F315-4112-8E20-6DD315006477}.Debug|ARM.Build.0 = Debug|Any CPU
		{36668F90-F315-4112-8E20-6DD315006477}.Debug|iPhone.ActiveCfg = Debug|Any CPU
		{36668F90-F315-4112-8E20-6DD315006477}.Debug|iPhone.Build.0 = Debug|Any CPU
		{36668F90-F315-4112-8E20-6DD315006477}.Debug|iPhoneSimulator.ActiveCfg = Debug|Any CPU
		{36668F90-F315-4112-8E20-6DD315006477}.Debug|iPhoneSimulator.Build.0 = Debug|Any CPU
		{36668F90-F315-4112-8E20-6DD315006477}.Debug|x64.ActiveCfg = Debug|Any CPU
		{36668F90-F315-4112-8E20-6DD315006477}.Debug|x64.Build.0 = Debug|Any CPU
		{36668F90-F315-4112-8E20-6DD315006477}.Debug|x86.ActiveCfg = Debug|Any CPU
		{36668F90-F315-4112-8E20-6DD315006477}.Debug|x86.Build.0 = Debug|Any CPU
		{36668F90-F315-4112-8E20-6DD315006477}.Release|Any CPU.ActiveCfg = Release|Any CPU
		{36668F90-F315-4112-8E20-6DD315006477}.Release|Any CPU.Build.0 = Release|Any CPU
		{36668F90-F315-4112-8E20-6DD315006477}.Release|ARM.ActiveCfg = Release|Any CPU
		{36668F90-F315-4112-8E20-6DD315006477}.Release|ARM.Build.0 = Release|Any CPU
		{36668F90-F315-4112-8E20-6DD315006477}.Release|iPhone.ActiveCfg = Release|Any CPU
		{36668F90-F315-4112-8E20-6DD315006477}.Release|iPhone.Build.0 = Release|Any CPU
		{36668F90-F315-4112-8E20-6DD315006477}.Release|iPhoneSimulator.ActiveCfg = Release|Any CPU
		{36668F90-F315-4112-8E20-6DD315006477}.Release|iPhoneSimulator.Build.0 = Release|Any CPU
		{36668F90-F315-4112-8E20-6DD315006477}.Release|x64.ActiveCfg = Release|Any CPU
		{36668F90-F315-4112-8E20-6DD315006477}.Release|x64.Build.0 = Release|Any CPU
		{36668F90-F315-4112-8E20-6DD315006477}.Release|x86.ActiveCfg = Release|Any CPU
		{36668F90-F315-4112-8E20-6DD315006477}.Release|x86.Build.0 = Release|Any CPU
	EndGlobalSection
	GlobalSection(SolutionProperties) = preSolution
		HideSolutionNode = FALSE
	EndGlobalSection
	GlobalSection(NestedProjects) = preSolution
		{2A632077-B039-4436-A155-857CB8B8EFB7} = {EDFD255E-9FC0-4452-B519-434C7FB1629D}
		{795AD1D0-CC27-4BFC-B86E-6910E978EA5D} = {2A632077-B039-4436-A155-857CB8B8EFB7}
		{DDDBFC8D-A231-4185-A8C2-7460156C67C3} = {8FE2B51D-107C-465C-B790-7B9758B4A014}
		{8FE2B51D-107C-465C-B790-7B9758B4A014} = {EDFD255E-9FC0-4452-B519-434C7FB1629D}
		{5B6EFE29-0A89-4017-9623-E50B5475A731} = {2A632077-B039-4436-A155-857CB8B8EFB7}
		{C84A404F-4BBB-4E57-9496-C895F171321D} = {8FE2B51D-107C-465C-B790-7B9758B4A014}
		{611383DA-D8C9-4939-938F-C1055B0040FD} = {EDFD255E-9FC0-4452-B519-434C7FB1629D}
		{C3616247-1800-4ED4-8DD6-896331B1E189} = {EDFD255E-9FC0-4452-B519-434C7FB1629D}
		{8D29958E-AAEC-440D-85F7-0A7F881FF120} = {C3616247-1800-4ED4-8DD6-896331B1E189}
		{39B80FB0-8427-4F63-9617-F39D83E48E43} = {C3616247-1800-4ED4-8DD6-896331B1E189}
		{9B565D57-E501-4C71-A3D8-681D1A40FFA2} = {EDFD255E-9FC0-4452-B519-434C7FB1629D}
		{2349B0F6-5F63-438A-A430-85E677BD2888} = {2A632077-B039-4436-A155-857CB8B8EFB7}
		{E608214A-8B74-42CD-9E55-5911390D1F45} = {93EC800C-201A-47F9-BFB4-B2B4F9EF5537}
		{57D3C07C-3A36-4094-ACE1-B7BA55985C25} = {93EC800C-201A-47F9-BFB4-B2B4F9EF5537}
		{6D2BDE3F-EA92-4EB5-B8D2-846ADC732ADC} = {C3616247-1800-4ED4-8DD6-896331B1E189}
		{36668F90-F315-4112-8E20-6DD315006477} = {8FE2B51D-107C-465C-B790-7B9758B4A014}
	EndGlobalSection
	GlobalSection(ExtensibilityGlobals) = postSolution
		SolutionGuid = {E74228DC-944B-43A9-B11B-1201B5AB1BC7}
	EndGlobalSection
EndGlobal
